
Microsoft Visual Studio Solution File, Format Version 12.00
# Visual Studio Version 17
VisualStudioVersion = 17.3.32804.467
MinimumVisualStudioVersion = 10.0.40219.1
Project("{FAE04EC0-301F-11D3-BF4B-00C04F79EFBC}") = "SecureWebApi", "SecureWebApi\SecureWebApi.csproj", "{6A7CF7D3-7B37-4E24-ADDD-22D277FACE9B}"
EndProject
Project("{FAE04EC0-301F-11D3-BF4B-00C04F79EFBC}") = "MsalAuthInMaui", "MsalAuthInMaui\MsalAuthInMaui.csproj", "{52DC68D6-4438-41FF-9294-E12C030CCBB4}"
EndProject
Global
	GlobalSection(SolutionConfigurationPlatforms) = preSolution
		Debug|Any CPU = Debug|Any CPU
		Release|Any CPU = Release|Any CPU
	EndGlobalSection
	GlobalSection(ProjectConfigurationPlatforms) = postSolution
		{6A7CF7D3-7B37-4E24-ADDD-22D277FACE9B}.Debug|Any CPU.ActiveCfg = Debug|Any CPU
		{6A7CF7D3-7B37-4E24-ADDD-22D277FACE9B}.Debug|Any CPU.Build.0 = Debug|Any CPU
		{6A7CF7D3-7B37-4E24-ADDD-22D277FACE9B}.Release|Any CPU.ActiveCfg = Release|Any CPU
		{6A7CF7D3-7B37-4E24-ADDD-22D277FACE9B}.Release|Any CPU.Build.0 = Release|Any CPU
		{52DC68D6-4438-41FF-9294-E12C030CCBB4}.Debug|Any CPU.ActiveCfg = Debug|Any CPU
		{52DC68D6-4438-41FF-9294-E12C030CCBB4}.Debug|Any CPU.Build.0 = Debug|Any CPU
		{52DC68D6-4438-41FF-9294-E12C030CCBB4}.Debug|Any CPU.Deploy.0 = Debug|Any CPU
		{52DC68D6-4438-41FF-9294-E12C030CCBB4}.Release|Any CPU.ActiveCfg = Release|Any CPU
		{52DC68D6-4438-41FF-9294-E12C030CCBB4}.Release|Any CPU.Build.0 = Release|Any CPU
		{52DC68D6-4438-41FF-9294-E12C030CCBB4}.Release|Any CPU.Deploy.0 = Release|Any CPU
	EndGlobalSection
	GlobalSection(SolutionProperties) = preSolution
		HideSolutionNode = FALSE
	EndGlobalSection
	GlobalSection(ExtensibilityGlobals) = postSolution
		SolutionGuid = {91C2F886-1738-45D8-AC75-729A19F18BF0}
	EndGlobalSection
EndGlobal
